
Microsoft Visual Studio Solution File, Format Version 12.00
# Visual Studio 15
VisualStudioVersion = 15.0.28307.645
MinimumVisualStudioVersion = 10.0.40219.1
Project("{FAE04EC0-301F-11D3-BF4B-00C04F79EFBC}") = "Hike_Begins", "Hike_Begins\Hike_Begins.csproj", "{3A8519B0-EE4F-48AB-A556-203102A9AC71}"
EndProject
Global
	GlobalSection(SolutionConfigurationPlatforms) = preSolution
		Debug|Any CPU = Debug|Any CPU
		Release|Any CPU = Release|Any CPU
	EndGlobalSection
	GlobalSection(ProjectConfigurationPlatforms) = postSolution
		{3A8519B0-EE4F-48AB-A556-203102A9AC71}.Debug|Any CPU.ActiveCfg = Debug|Any CPU
		{3A8519B0-EE4F-48AB-A556-203102A9AC71}.Debug|Any CPU.Build.0 = Debug|Any CPU
		{3A8519B0-EE4F-48AB-A556-203102A9AC71}.Release|Any CPU.ActiveCfg = Release|Any CPU
		{3A8519B0-EE4F-48AB-A556-203102A9AC71}.Release|Any CPU.Build.0 = Release|Any CPU
	EndGlobalSection
	GlobalSection(SolutionProperties) = preSolution
		HideSolutionNode = FALSE
	EndGlobalSection
	GlobalSection(ExtensibilityGlobals) = postSolution
		SolutionGuid = {38923C61-9694-4A91-8448-7C49CB0D8886}
	EndGlobalSection
EndGlobal
